
Microsoft Visual Studio Solution File, Format Version 12.00
# Visual Studio 15
VisualStudioVersion = 15.0.26020.0
MinimumVisualStudioVersion = 10.0.40219.1
Project("{FAE04EC0-301F-11D3-BF4B-00C04F79EFBC}") = "LogicReinc.Archive", "LogicReinc.Archive\LogicReinc.Archive.csproj", "{259A60AD-00AA-486A-8841-F797421B7B41}"
EndProject
Project("{FAE04EC0-301F-11D3-BF4B-00C04F79EFBC}") = "LogicReinc.Archive.Tests", "LogicReinc.Archive.Tests\LogicReinc.Archive.Tests.csproj", "{085EBB03-972E-4840-9AAD-17A9A68D5BFC}"
EndProject
Global
	GlobalSection(SolutionConfigurationPlatforms) = preSolution
		Debug|Any CPU = Debug|Any CPU
		Release|Any CPU = Release|Any CPU
	EndGlobalSection
	GlobalSection(ProjectConfigurationPlatforms) = postSolution
		{259A60AD-00AA-486A-8841-F797421B7B41}.Debug|Any CPU.ActiveCfg = Debug|Any CPU
		{259A60AD-00AA-486A-8841-F797421B7B41}.Debug|Any CPU.Build.0 = Debug|Any CPU
		{259A60AD-00AA-486A-8841-F797421B7B41}.Release|Any CPU.ActiveCfg = Release|Any CPU
		{259A60AD-00AA-486A-8841-F797421B7B41}.Release|Any CPU.Build.0 = Release|Any CPU
		{085EBB03-972E-4840-9AAD-17A9A68D5BFC}.Debug|Any CPU.ActiveCfg = Debug|Any CPU
		{085EBB03-972E-4840-9AAD-17A9A68D5BFC}.Debug|Any CPU.Build.0 = Debug|Any CPU
		{085EBB03-972E-4840-9AAD-17A9A68D5BFC}.Release|Any CPU.ActiveCfg = Release|Any CPU
		{085EBB03-972E-4840-9AAD-17A9A68D5BFC}.Release|Any CPU.Build.0 = Release|Any CPU
	EndGlobalSection
	GlobalSection(SolutionProperties) = preSolution
		HideSolutionNode = FALSE
	EndGlobalSection
EndGlobal
